
Microsoft Visual Studio Solution File, Format Version 12.00
# Visual Studio Version 17
VisualStudioVersion = 17.9.34723.18
MinimumVisualStudioVersion = 10.0.40219.1
Project("{FAE04EC0-301F-11D3-BF4B-00C04F79EFBC}") = "DiscordBot", "DiscordBot.csproj", "{A914D18E-0C7D-4DE0-839C-619E66AA277C}"
EndProject
Global
	GlobalSection(SolutionConfigurationPlatforms) = preSolution
		Debug|Any CPU = Debug|Any CPU
		Release|Any CPU = Release|Any CPU
	EndGlobalSection
	GlobalSection(ProjectConfigurationPlatforms) = postSolution
		{A914D18E-0C7D-4DE0-839C-619E66AA277C}.Debug|Any CPU.ActiveCfg = Debug|Any CPU
		{A914D18E-0C7D-4DE0-839C-619E66AA277C}.Debug|Any CPU.Build.0 = Debug|Any CPU
		{A914D18E-0C7D-4DE0-839C-619E66AA277C}.Release|Any CPU.ActiveCfg = Release|Any CPU
		{A914D18E-0C7D-4DE0-839C-619E66AA277C}.Release|Any CPU.Build.0 = Release|Any CPU
	EndGlobalSection
	GlobalSection(SolutionProperties) = preSolution
		HideSolutionNode = FALSE
	EndGlobalSection
	GlobalSection(ExtensibilityGlobals) = postSolution
		SolutionGuid = {DB33C165-9A48-4803-B592-2DE14941B543}
	EndGlobalSection
EndGlobal
